
Microsoft Visual Studio Solution File, Format Version 12.00
# Visual Studio Version 17
VisualStudioVersion = 17.4.33110.190
MinimumVisualStudioVersion = 10.0.40219.1
Project("{9A19103F-16F7-4668-BE54-9A1E7A4F7556}") = "MarioDGE", "MarioDGE.csproj", "{5E1ACA9C-E321-4A50-9A88-327B788BF066}"
EndProject
Project("{9A19103F-16F7-4668-BE54-9A1E7A4F7556}") = "DoubleGameEngine", "..\DoubleGameEngine\DoubleGameEngine\DoubleGameEngine.csproj", "{4C10ED99-0EDB-49F4-87D1-2E168324A851}"
EndProject
Global
	GlobalSection(SolutionConfigurationPlatforms) = preSolution
		Debug|Any CPU = Debug|Any CPU
		Release|Any CPU = Release|Any CPU
	EndGlobalSection
	GlobalSection(ProjectConfigurationPlatforms) = postSolution
		{5E1ACA9C-E321-4A50-9A88-327B788BF066}.Debug|Any CPU.ActiveCfg = Debug|Any CPU
		{5E1ACA9C-E321-4A50-9A88-327B788BF066}.Debug|Any CPU.Build.0 = Debug|Any CPU
		{5E1ACA9C-E321-4A50-9A88-327B788BF066}.Release|Any CPU.ActiveCfg = Release|Any CPU
		{5E1ACA9C-E321-4A50-9A88-327B788BF066}.Release|Any CPU.Build.0 = Release|Any CPU
		{4C10ED99-0EDB-49F4-87D1-2E168324A851}.Debug|Any CPU.ActiveCfg = Debug|Any CPU
		{4C10ED99-0EDB-49F4-87D1-2E168324A851}.Debug|Any CPU.Build.0 = Debug|Any CPU
		{4C10ED99-0EDB-49F4-87D1-2E168324A851}.Release|Any CPU.ActiveCfg = Release|Any CPU
		{4C10ED99-0EDB-49F4-87D1-2E168324A851}.Release|Any CPU.Build.0 = Release|Any CPU
	EndGlobalSection
	GlobalSection(SolutionProperties) = preSolution
		HideSolutionNode = FALSE
	EndGlobalSection
	GlobalSection(ExtensibilityGlobals) = postSolution
		SolutionGuid = {46A0771A-C150-400E-A70F-6FD8A518B377}
	EndGlobalSection
EndGlobal
